
Microsoft Visual Studio Solution File, Format Version 12.00
Project("{FAE04EC0-301F-11D3-BF4B-00C04F79EFBC}") = "ScoreSaberDiscordBot", "ScoreSaberDiscordBot\ScoreSaberDiscordBot.csproj", "{F7609B7F-2BC2-4DD0-99F3-72738A78676C}"
EndProject
Global
	GlobalSection(SolutionConfigurationPlatforms) = preSolution
		Debug|Any CPU = Debug|Any CPU
		Release|Any CPU = Release|Any CPU
	EndGlobalSection
	GlobalSection(ProjectConfigurationPlatforms) = postSolution
		{F7609B7F-2BC2-4DD0-99F3-72738A78676C}.Debug|Any CPU.ActiveCfg = Debug|Any CPU
		{F7609B7F-2BC2-4DD0-99F3-72738A78676C}.Debug|Any CPU.Build.0 = Debug|Any CPU
		{F7609B7F-2BC2-4DD0-99F3-72738A78676C}.Release|Any CPU.ActiveCfg = Release|Any CPU
		{F7609B7F-2BC2-4DD0-99F3-72738A78676C}.Release|Any CPU.Build.0 = Release|Any CPU
	EndGlobalSection
EndGlobal
